// !$*UTF8*$!
{
	archiveVersion = 1;
	classes = {
	};
	objectVersion = 46;
	objects = {

/* Begin PBXBuildFile section */
		7C3EB5B31906C99800D74CF8 /* CBCentralManager+Blocks.m in Sources */ = {isa = PBXBuildFile; fileRef = 7C3EB5B21906C99800D74CF8 /* CBCentralManager+Blocks.m */; };
		7C3EB5B61906D5A500D74CF8 /* CBPeripheral+Blocks.m in Sources */ = {isa = PBXBuildFile; fileRef = 7C3EB5B51906D5A500D74CF8 /* CBPeripheral+Blocks.m */; };
		7C5BFB381903284A0063A5C1 /* Foundation.framework in Frameworks */ = {isa = PBXBuildFile; fileRef = 7C5F03811902E2A700238DA5 /* Foundation.framework */; };
		7C5BFB391903284A0063A5C1 /* CoreGraphics.framework in Frameworks */ = {isa = PBXBuildFile; fileRef = 7C5F03831902E2A700238DA5 /* CoreGraphics.framework */; };
		7C5BFB3A1903284A0063A5C1 /* UIKit.framework in Frameworks */ = {isa = PBXBuildFile; fileRef = 7C5F03851902E2A700238DA5 /* UIKit.framework */; };
		7C5BFB401903284A0063A5C1 /* InfoPlist.strings in Resources */ = {isa = PBXBuildFile; fileRef = 7C5BFB3E1903284A0063A5C1 /* InfoPlist.strings */; };
		7C5BFB421903284A0063A5C1 /* main.m in Sources */ = {isa = PBXBuildFile; fileRef = 7C5BFB411903284A0063A5C1 /* main.m */; };
		7C5BFB461903284A0063A5C1 /* AppDelegate.m in Sources */ = {isa = PBXBuildFile; fileRef = 7C5BFB451903284A0063A5C1 /* AppDelegate.m */; };
		7C5BFB481903284A0063A5C1 /* Images.xcassets in Resources */ = {isa = PBXBuildFile; fileRef = 7C5BFB471903284A0063A5C1 /* Images.xcassets */; };
		7C5BFB4E1903284A0063A5C1 /* XCTest.framework in Frameworks */ = {isa = PBXBuildFile; fileRef = 7C5F03A01902E2A700238DA5 /* XCTest.framework */; };
		7C5BFB4F1903284A0063A5C1 /* Foundation.framework in Frameworks */ = {isa = PBXBuildFile; fileRef = 7C5F03811902E2A700238DA5 /* Foundation.framework */; };
		7C5BFB501903284A0063A5C1 /* UIKit.framework in Frameworks */ = {isa = PBXBuildFile; fileRef = 7C5F03851902E2A700238DA5 /* UIKit.framework */; };
		7C5BFB581903284A0063A5C1 /* InfoPlist.strings in Resources */ = {isa = PBXBuildFile; fileRef = 7C5BFB561903284A0063A5C1 /* InfoPlist.strings */; };
		7C5BFB5A1903284A0063A5C1 /* BLE_DemoTests.m in Sources */ = {isa = PBXBuildFile; fileRef = 7C5BFB591903284A0063A5C1 /* BLE_DemoTests.m */; };
		7C788EFB190328910032FE4B /* BLEManager.m in Sources */ = {isa = PBXBuildFile; fileRef = 7C788EF5190328910032FE4B /* BLEManager.m */; };
		7C788EFC190328910032FE4B /* CBCentralManager+Debug.m in Sources */ = {isa = PBXBuildFile; fileRef = 7C788EF7190328910032FE4B /* CBCentralManager+Debug.m */; };
		7C788EFD190328910032FE4B /* PeripheralsViewController.m in Sources */ = {isa = PBXBuildFile; fileRef = 7C788EF8190328910032FE4B /* PeripheralsViewController.m */; };
		7C788EFE190328910032FE4B /* PeripheralViewController.m in Sources */ = {isa = PBXBuildFile; fileRef = 7C788EFA190328910032FE4B /* PeripheralViewController.m */; };
		7C788F02190328AC0032FE4B /* Main.storyboard in Resources */ = {isa = PBXBuildFile; fileRef = 7C788F00190328AC0032FE4B /* Main.storyboard */; };
		7C788F05190329330032FE4B /* CoreBluetooth.framework in Frameworks */ = {isa = PBXBuildFile; fileRef = 7C5F03EA1902E43300238DA5 /* CoreBluetooth.framework */; };
		7C788F0919033AA80032FE4B /* AdvertisingViewController.m in Sources */ = {isa = PBXBuildFile; fileRef = 7C788F0819033AA80032FE4B /* AdvertisingViewController.m */; };
		7C788F1019033C1B0032FE4B /* CBPeripheralManager+Debug.m in Sources */ = {isa = PBXBuildFile; fileRef = 7C788F0F19033C1B0032FE4B /* CBPeripheralManager+Debug.m */; };
/* End PBXBuildFile section */

/* Begin PBXContainerItemProxy section */
		7C5BFB511903284A0063A5C1 /* PBXContainerItemProxy */ = {
			isa = PBXContainerItemProxy;
			containerPortal = 7C5F03761902E2A700238DA5 /* Project object */;
			proxyType = 1;
			remoteGlobalIDString = 7C5BFB361903284A0063A5C1;
			remoteInfo = "BLE-Demo";
		};
/* End PBXContainerItemProxy section */

/* Begin PBXFileReference section */
		7C3EB5B11906C99800D74CF8 /* CBCentralManager+Blocks.h */ = {isa = PBXFileReference; fileEncoding = 4; lastKnownFileType = sourcecode.c.h; path = "CBCentralManager+Blocks.h"; sourceTree = "<group>"; };
		7C3EB5B21906C99800D74CF8 /* CBCentralManager+Blocks.m */ = {isa = PBXFileReference; fileEncoding = 4; lastKnownFileType = sourcecode.c.objc; path = "CBCentralManager+Blocks.m"; sourceTree = "<group>"; };
		7C3EB5B41906D5A500D74CF8 /* CBPeripheral+Blocks.h */ = {isa = PBXFileReference; fileEncoding = 4; lastKnownFileType = sourcecode.c.h; path = "CBPeripheral+Blocks.h"; sourceTree = "<group>"; };
		7C3EB5B51906D5A500D74CF8 /* CBPeripheral+Blocks.m */ = {isa = PBXFileReference; fileEncoding = 4; lastKnownFileType = sourcecode.c.objc; path = "CBPeripheral+Blocks.m"; sourceTree = "<group>"; };
		7C5BFB371903284A0063A5C1 /* BLE-Demo.app */ = {isa = PBXFileReference; explicitFileType = wrapper.application; includeInIndex = 0; path = "BLE-Demo.app"; sourceTree = BUILT_PRODUCTS_DIR; };
		7C5BFB3D1903284A0063A5C1 /* BLE-Demo-Info.plist */ = {isa = PBXFileReference; lastKnownFileType = text.plist.xml; path = "BLE-Demo-Info.plist"; sourceTree = "<group>"; };
		7C5BFB3F1903284A0063A5C1 /* en */ = {isa = PBXFileReference; lastKnownFileType = text.plist.strings; name = en; path = en.lproj/InfoPlist.strings; sourceTree = "<group>"; };
		7C5BFB411903284A0063A5C1 /* main.m */ = {isa = PBXFileReference; lastKnownFileType = sourcecode.c.objc; path = main.m; sourceTree = "<group>"; };
		7C5BFB431903284A0063A5C1 /* BLE-Demo-Prefix.pch */ = {isa = PBXFileReference; lastKnownFileType = sourcecode.c.h; path = "BLE-Demo-Prefix.pch"; sourceTree = "<group>"; };
		7C5BFB441903284A0063A5C1 /* AppDelegate.h */ = {isa = PBXFileReference; lastKnownFileType = sourcecode.c.h; path = AppDelegate.h; sourceTree = "<group>"; };
		7C5BFB451903284A0063A5C1 /* AppDelegate.m */ = {isa = PBXFileReference; lastKnownFileType = sourcecode.c.objc; path = AppDelegate.m; sourceTree = "<group>"; };
		7C5BFB471903284A0063A5C1 /* Images.xcassets */ = {isa = PBXFileReference; lastKnownFileType = folder.assetcatalog; path = Images.xcassets; sourceTree = "<group>"; };
		7C5BFB4D1903284A0063A5C1 /* BLE-DemoTests.xctest */ = {isa = PBXFileReference; explicitFileType = wrapper.cfbundle; includeInIndex = 0; path = "BLE-DemoTests.xctest"; sourceTree = BUILT_PRODUCTS_DIR; };
		7C5BFB551903284A0063A5C1 /* BLE-DemoTests-Info.plist */ = {isa = PBXFileReference; lastKnownFileType = text.plist.xml; path = "BLE-DemoTests-Info.plist"; sourceTree = "<group>"; };
		7C5BFB571903284A0063A5C1 /* en */ = {isa = PBXFileReference; lastKnownFileType = text.plist.strings; name = en; path = en.lproj/InfoPlist.strings; sourceTree = "<group>"; };
		7C5BFB591903284A0063A5C1 /* BLE_DemoTests.m */ = {isa = PBXFileReference; lastKnownFileType = sourcecode.c.objc; path = BLE_DemoTests.m; sourceTree = "<group>"; };
		7C5F03811902E2A700238DA5 /* Foundation.framework */ = {isa = PBXFileReference; lastKnownFileType = wrapper.framework; name = Foundation.framework; path = System/Library/Frameworks/Foundation.framework; sourceTree = SDKROOT; };
		7C5F03831902E2A700238DA5 /* CoreGraphics.framework */ = {isa = PBXFileReference; lastKnownFileType = wrapper.framework; name = CoreGraphics.framework; path = System/Library/Frameworks/CoreGraphics.framework; sourceTree = SDKROOT; };
		7C5F03851902E2A700238DA5 /* UIKit.framework */ = {isa = PBXFileReference; lastKnownFileType = wrapper.framework; name = UIKit.framework; path = System/Library/Frameworks/UIKit.framework; sourceTree = SDKROOT; };
		7C5F03A01902E2A700238DA5 /* XCTest.framework */ = {isa = PBXFileReference; lastKnownFileType = wrapper.framework; name = XCTest.framework; path = Library/Frameworks/XCTest.framework; sourceTree = DEVELOPER_DIR; };
		7C5F03EA1902E43300238DA5 /* CoreBluetooth.framework */ = {isa = PBXFileReference; lastKnownFileType = wrapper.framework; name = CoreBluetooth.framework; path = System/Library/Frameworks/CoreBluetooth.framework; sourceTree = SDKROOT; };
		7C788EF4190328910032FE4B /* BLEManager.h */ = {isa = PBXFileReference; fileEncoding = 4; lastKnownFileType = sourcecode.c.h; path = BLEManager.h; sourceTree = "<group>"; };
		7C788EF5190328910032FE4B /* BLEManager.m */ = {isa = PBXFileReference; fileEncoding = 4; lastKnownFileType = sourcecode.c.objc; path = BLEManager.m; sourceTree = "<group>"; };
		7C788EF6190328910032FE4B /* CBCentralManager+Debug.h */ = {isa = PBXFileReference; fileEncoding = 4; lastKnownFileType = sourcecode.c.h; path = "CBCentralManager+Debug.h"; sourceTree = "<group>"; };
		7C788EF7190328910032FE4B /* CBCentralManager+Debug.m */ = {isa = PBXFileReference; fileEncoding = 4; lastKnownFileType = sourcecode.c.objc; path = "CBCentralManager+Debug.m"; sourceTree = "<group>"; };
		7C788EF8190328910032FE4B /* PeripheralsViewController.m */ = {isa = PBXFileReference; fileEncoding = 4; lastKnownFileType = sourcecode.c.objc; path = PeripheralsViewController.m; sourceTree = "<group>"; };
		7C788EF9190328910032FE4B /* PeripheralViewController.h */ = {isa = PBXFileReference; fileEncoding = 4; lastKnownFileType = sourcecode.c.h; path = PeripheralViewController.h; sourceTree = "<group>"; };
		7C788EFA190328910032FE4B /* PeripheralViewController.m */ = {isa = PBXFileReference; fileEncoding = 4; lastKnownFileType = sourcecode.c.objc; path = PeripheralViewController.m; sourceTree = "<group>"; };
		7C788EFF190328A70032FE4B /* PeripheralsViewController.h */ = {isa = PBXFileReference; fileEncoding = 4; lastKnownFileType = sourcecode.c.h; path = PeripheralsViewController.h; sourceTree = "<group>"; };
		7C788F01190328AC0032FE4B /* Base */ = {isa = PBXFileReference; lastKnownFileType = file.storyboard; name = Base; path = Base.lproj/Main.storyboard; sourceTree = "<group>"; };
		7C788F0719033AA80032FE4B /* AdvertisingViewController.h */ = {isa = PBXFileReference; fileEncoding = 4; lastKnownFileType = sourcecode.c.h; path = AdvertisingViewController.h; sourceTree = "<group>"; };
		7C788F0819033AA80032FE4B /* AdvertisingViewController.m */ = {isa = PBXFileReference; fileEncoding = 4; lastKnownFileType = sourcecode.c.objc; path = AdvertisingViewController.m; sourceTree = "<group>"; };
		7C788F0E19033C1B0032FE4B /* CBPeripheralManager+Debug.h */ = {isa = PBXFileReference; fileEncoding = 4; lastKnownFileType = sourcecode.c.h; path = "CBPeripheralManager+Debug.h"; sourceTree = "<group>"; };
		7C788F0F19033C1B0032FE4B /* CBPeripheralManager+Debug.m */ = {isa = PBXFileReference; fileEncoding = 4; lastKnownFileType = sourcecode.c.objc; path = "CBPeripheralManager+Debug.m"; sourceTree = "<group>"; };
/* End PBXFileReference section */

/* Begin PBXFrameworksBuildPhase section */
		7C5BFB341903284A0063A5C1 /* Frameworks */ = {
			isa = PBXFrameworksBuildPhase;
			buildActionMask = 2147483647;
			files = (
				7C788F05190329330032FE4B /* CoreBluetooth.framework in Frameworks */,
				7C5BFB391903284A0063A5C1 /* CoreGraphics.framework in Frameworks */,
				7C5BFB3A1903284A0063A5C1 /* UIKit.framework in Frameworks */,
				7C5BFB381903284A0063A5C1 /* Foundation.framework in Frameworks */,
			);
			runOnlyForDeploymentPostprocessing = 0;
		};
		7C5BFB4A1903284A0063A5C1 /* Frameworks */ = {
			isa = PBXFrameworksBuildPhase;
			buildActionMask = 2147483647;
			files = (
				7C5BFB4E1903284A0063A5C1 /* XCTest.framework in Frameworks */,
				7C5BFB501903284A0063A5C1 /* UIKit.framework in Frameworks */,
				7C5BFB4F1903284A0063A5C1 /* Foundation.framework in Frameworks */,
			);
			runOnlyForDeploymentPostprocessing = 0;
		};
/* End PBXFrameworksBuildPhase section */

/* Begin PBXGroup section */
		7C5BFB3B1903284A0063A5C1 /* BLE-Demo */ = {
			isa = PBXGroup;
			children = (
				7C5BFB441903284A0063A5C1 /* AppDelegate.h */,
				7C5BFB451903284A0063A5C1 /* AppDelegate.m */,
				7C788F04190328CC0032FE4B /* View Controllers */,
				7C788F03190328BF0032FE4B /* Manager */,
				7C5BFB3C1903284A0063A5C1 /* Supporting Files */,
			);
			path = "BLE-Demo";
			sourceTree = "<group>";
		};
		7C5BFB3C1903284A0063A5C1 /* Supporting Files */ = {
			isa = PBXGroup;
			children = (
				7C5BFB471903284A0063A5C1 /* Images.xcassets */,
				7C5BFB3D1903284A0063A5C1 /* BLE-Demo-Info.plist */,
				7C5BFB3E1903284A0063A5C1 /* InfoPlist.strings */,
				7C5BFB411903284A0063A5C1 /* main.m */,
				7C5BFB431903284A0063A5C1 /* BLE-Demo-Prefix.pch */,
			);
			name = "Supporting Files";
			sourceTree = "<group>";
		};
		7C5BFB531903284A0063A5C1 /* BLE-DemoTests */ = {
			isa = PBXGroup;
			children = (
				7C5BFB591903284A0063A5C1 /* BLE_DemoTests.m */,
				7C5BFB541903284A0063A5C1 /* Supporting Files */,
			);
			path = "BLE-DemoTests";
			sourceTree = "<group>";
		};
		7C5BFB541903284A0063A5C1 /* Supporting Files */ = {
			isa = PBXGroup;
			children = (
				7C5BFB551903284A0063A5C1 /* BLE-DemoTests-Info.plist */,
				7C5BFB561903284A0063A5C1 /* InfoPlist.strings */,
			);
			name = "Supporting Files";
			sourceTree = "<group>";
		};
		7C5F03751902E2A700238DA5 = {
			isa = PBXGroup;
			children = (
				7C5BFB3B1903284A0063A5C1 /* BLE-Demo */,
				7C5BFB531903284A0063A5C1 /* BLE-DemoTests */,
				7C5F03801902E2A700238DA5 /* Frameworks */,
				7C5F037F1902E2A700238DA5 /* Products */,
			);
			sourceTree = "<group>";
		};
		7C5F037F1902E2A700238DA5 /* Products */ = {
			isa = PBXGroup;
			children = (
				7C5BFB371903284A0063A5C1 /* BLE-Demo.app */,
				7C5BFB4D1903284A0063A5C1 /* BLE-DemoTests.xctest */,
			);
			name = Products;
			sourceTree = "<group>";
		};
		7C5F03801902E2A700238DA5 /* Frameworks */ = {
			isa = PBXGroup;
			children = (
				7C5F03EA1902E43300238DA5 /* CoreBluetooth.framework */,
				7C5F03811902E2A700238DA5 /* Foundation.framework */,
				7C5F03831902E2A700238DA5 /* CoreGraphics.framework */,
				7C5F03851902E2A700238DA5 /* UIKit.framework */,
				7C5F03A01902E2A700238DA5 /* XCTest.framework */,
			);
			name = Frameworks;
			sourceTree = "<group>";
		};
		7C788F03190328BF0032FE4B /* Manager */ = {
			isa = PBXGroup;
			children = (
				7C788EF4190328910032FE4B /* BLEManager.h */,
				7C788EF5190328910032FE4B /* BLEManager.m */,
				7C3EB5B11906C99800D74CF8 /* CBCentralManager+Blocks.h */,
				7C3EB5B21906C99800D74CF8 /* CBCentralManager+Blocks.m */,
				7C3EB5B41906D5A500D74CF8 /* CBPeripheral+Blocks.h */,
				7C3EB5B51906D5A500D74CF8 /* CBPeripheral+Blocks.m */,
				7C788EF6190328910032FE4B /* CBCentralManager+Debug.h */,
				7C788EF7190328910032FE4B /* CBCentralManager+Debug.m */,
				7C788F0E19033C1B0032FE4B /* CBPeripheralManager+Debug.h */,
				7C788F0F19033C1B0032FE4B /* CBPeripheralManager+Debug.m */,
			);
			name = Manager;
			sourceTree = "<group>";
		};
		7C788F04190328CC0032FE4B /* View Controllers */ = {
			isa = PBXGroup;
			children = (
				7C788F00190328AC0032FE4B /* Main.storyboard */,
				7C788F0A19033AAD0032FE4B /* Peripheral */,
				7C788F061903296A0032FE4B /* Central */,
			);
			name = "View Controllers";
			sourceTree = "<group>";
		};
		7C788F061903296A0032FE4B /* Central */ = {
			isa = PBXGroup;
			children = (
				7C788EFF190328A70032FE4B /* PeripheralsViewController.h */,
				7C788EF8190328910032FE4B /* PeripheralsViewController.m */,
				7C788EF9190328910032FE4B /* PeripheralViewController.h */,
				7C788EFA190328910032FE4B /* PeripheralViewController.m */,
			);
			name = Central;
			sourceTree = "<group>";
		};
		7C788F0A19033AAD0032FE4B /* Peripheral */ = {
			isa = PBXGroup;
			children = (
				7C788F0719033AA80032FE4B /* AdvertisingViewController.h */,
				7C788F0819033AA80032FE4B /* AdvertisingViewController.m */,
			);
			name = Peripheral;
			sourceTree = "<group>";
		};
/* End PBXGroup section */

/* Begin PBXNativeTarget section */
		7C5BFB361903284A0063A5C1 /* BLE-Demo */ = {
			isa = PBXNativeTarget;
			buildConfigurationList = 7C5BFB5B1903284A0063A5C1 /* Build configuration list for PBXNativeTarget "BLE-Demo" */;
			buildPhases = (
				7C5BFB331903284A0063A5C1 /* Sources */,
				7C5BFB341903284A0063A5C1 /* Frameworks */,
				7C5BFB351903284A0063A5C1 /* Resources */,
			);
			buildRules = (
			);
			dependencies = (
			);
			name = "BLE-Demo";
			productName = "BLE-Demo";
			productReference = 7C5BFB371903284A0063A5C1 /* BLE-Demo.app */;
			productType = "com.apple.product-type.application";
		};
		7C5BFB4C1903284A0063A5C1 /* BLE-DemoTests */ = {
			isa = PBXNativeTarget;
			buildConfigurationList = 7C5BFB5E1903284A0063A5C1 /* Build configuration list for PBXNativeTarget "BLE-DemoTests" */;
			buildPhases = (
				7C5BFB491903284A0063A5C1 /* Sources */,
				7C5BFB4A1903284A0063A5C1 /* Frameworks */,
				7C5BFB4B1903284A0063A5C1 /* Resources */,
			);
			buildRules = (
			);
			dependencies = (
				7C5BFB521903284A0063A5C1 /* PBXTargetDependency */,
			);
			name = "BLE-DemoTests";
			productName = "BLE-DemoTests";
			productReference = 7C5BFB4D1903284A0063A5C1 /* BLE-DemoTests.xctest */;
			productType = "com.apple.product-type.bundle.unit-test";
		};
/* End PBXNativeTarget section */

/* Begin PBXProject section */
		7C5F03761902E2A700238DA5 /* Project object */ = {
			isa = PBXProject;
			attributes = {
				LastUpgradeCheck = 0510;
				ORGANIZATIONNAME = "Joseph Lin";
				TargetAttributes = {
					7C5BFB4C1903284A0063A5C1 = {
						TestTargetID = 7C5F03EF1902E45E00238DA5;
					};
				};
			};
			buildConfigurationList = 7C5F03791902E2A700238DA5 /* Build configuration list for PBXProject "BLE-Demo" */;
			compatibilityVersion = "Xcode 3.2";
			developmentRegion = English;
			hasScannedForEncodings = 0;
			knownRegions = (
				en,
				Base,
			);
			mainGroup = 7C5F03751902E2A700238DA5;
			productRefGroup = 7C5F037F1902E2A700238DA5 /* Products */;
			projectDirPath = "";
			projectRoot = "";
			targets = (
				7C5BFB361903284A0063A5C1 /* BLE-Demo */,
				7C5BFB4C1903284A0063A5C1 /* BLE-DemoTests */,
			);
		};
/* End PBXProject section */

/* Begin PBXResourcesBuildPhase section */
		7C5BFB351903284A0063A5C1 /* Resources */ = {
			isa = PBXResourcesBuildPhase;
			buildActionMask = 2147483647;
			files = (
				7C788F02190328AC0032FE4B /* Main.storyboard in Resources */,
				7C5BFB401903284A0063A5C1 /* InfoPlist.strings in Resources */,
				7C5BFB481903284A0063A5C1 /* Images.xcassets in Resources */,
			);
			runOnlyForDeploymentPostprocessing = 0;
		};
		7C5BFB4B1903284A0063A5C1 /* Resources */ = {
			isa = PBXResourcesBuildPhase;
			buildActionMask = 2147483647;
			files = (
				7C5BFB581903284A0063A5C1 /* InfoPlist.strings in Resources */,
			);
			runOnlyForDeploymentPostprocessing = 0;
		};
/* End PBXResourcesBuildPhase section */

/* Begin PBXSourcesBuildPhase section */
		7C5BFB331903284A0063A5C1 /* Sources */ = {
			isa = PBXSourcesBuildPhase;
			buildActionMask = 2147483647;
			files = (
				7C5BFB461903284A0063A5C1 /* AppDelegate.m in Sources */,
				7C788EFD190328910032FE4B /* PeripheralsViewController.m in Sources */,
				7C3EB5B61906D5A500D74CF8 /* CBPeripheral+Blocks.m in Sources */,
				7C788EFE190328910032FE4B /* PeripheralViewController.m in Sources */,
				7C788F0919033AA80032FE4B /* AdvertisingViewController.m in Sources */,
				7C788F1019033C1B0032FE4B /* CBPeripheralManager+Debug.m in Sources */,
				7C3EB5B31906C99800D74CF8 /* CBCentralManager+Blocks.m in Sources */,
				7C5BFB421903284A0063A5C1 /* main.m in Sources */,
				7C788EFC190328910032FE4B /* CBCentralManager+Debug.m in Sources */,
				7C788EFB190328910032FE4B /* BLEManager.m in Sources */,
			);
			runOnlyForDeploymentPostprocessing = 0;
		};
		7C5BFB491903284A0063A5C1 /* Sources */ = {
			isa = PBXSourcesBuildPhase;
			buildActionMask = 2147483647;
			files = (
				7C5BFB5A1903284A0063A5C1 /* BLE_DemoTests.m in Sources */,
			);
			runOnlyForDeploymentPostprocessing = 0;
		};
/* End PBXSourcesBuildPhase section */

/* Begin PBXTargetDependency section */
		7C5BFB521903284A0063A5C1 /* PBXTargetDependency */ = {
			isa = PBXTargetDependency;
			target = 7C5BFB361903284A0063A5C1 /* BLE-Demo */;
			targetProxy = 7C5BFB511903284A0063A5C1 /* PBXContainerItemProxy */;
		};
/* End PBXTargetDependency section */

/* Begin PBXVariantGroup section */
		7C5BFB3E1903284A0063A5C1 /* InfoPlist.strings */ = {
			isa = PBXVariantGroup;
			children = (
				7C5BFB3F1903284A0063A5C1 /* en */,
			);
			name = InfoPlist.strings;
			sourceTree = "<group>";
		};
		7C5BFB561903284A0063A5C1 /* InfoPlist.strings */ = {
			isa = PBXVariantGroup;
			children = (
				7C5BFB571903284A0063A5C1 /* en */,
			);
			name = InfoPlist.strings;
			sourceTree = "<group>";
		};
		7C788F00190328AC0032FE4B /* Main.storyboard */ = {
			isa = PBXVariantGroup;
			children = (
				7C788F01190328AC0032FE4B /* Base */,
			);
			name = Main.storyboard;
			sourceTree = "<group>";
		};
/* End PBXVariantGroup section */

/* Begin XCBuildConfiguration section */
		7C5BFB5C1903284A0063A5C1 /* Debug */ = {
			isa = XCBuildConfiguration;
			buildSettings = {
				ASSETCATALOG_COMPILER_APPICON_NAME = AppIcon;
				ASSETCATALOG_COMPILER_LAUNCHIMAGE_NAME = LaunchImage;
				GCC_PRECOMPILE_PREFIX_HEADER = YES;
				GCC_PREFIX_HEADER = "BLE-Demo/BLE-Demo-Prefix.pch";
				GCC_PREPROCESSOR_DEFINITIONS = (
					"DEBUG=1",
					"$(inherited)",
				);
				INFOPLIST_FILE = "BLE-Demo/BLE-Demo-Info.plist";
				PRODUCT_NAME = "$(TARGET_NAME)";
				PROVISIONING_PROFILE = "7845B2D4-A3DD-4354-A2FC-825E6D1ABD48";
				WRAPPER_EXTENSION = app;
			};
			name = Debug;
		};
		7C5BFB5D1903284A0063A5C1 /* Release */ = {
			isa = XCBuildConfiguration;
			buildSettings = {
				ASSETCATALOG_COMPILER_APPICON_NAME = AppIcon;
				ASSETCATALOG_COMPILER_LAUNCHIMAGE_NAME = LaunchImage;
				GCC_PRECOMPILE_PREFIX_HEADER = YES;
				GCC_PREFIX_HEADER = "BLE-Demo/BLE-Demo-Prefix.pch";
				INFOPLIST_FILE = "BLE-Demo/BLE-Demo-Info.plist";
				PRODUCT_NAME = "$(TARGET_NAME)";
				PROVISIONING_PROFILE = "7845B2D4-A3DD-4354-A2FC-825E6D1ABD48";
				WRAPPER_EXTENSION = app;
			};
			name = Release;
		};
		7C5BFB5F1903284A0063A5C1 /* Debug */ = {
			isa = XCBuildConfiguration;
			buildSettings = {
				BUNDLE_LOADER = "$(BUILT_PRODUCTS_DIR)/BLE-Demo2.app/BLE-Demo2";
				FRAMEWORK_SEARCH_PATHS = (
					"$(SDKROOT)/Developer/Library/Frameworks",
					"$(inherited)",
					"$(DEVELOPER_FRAMEWORKS_DIR)",
				);
				GCC_PRECOMPILE_PREFIX_HEADER = YES;
				GCC_PREFIX_HEADER = "BLE-Demo/BLE-Demo-Prefix.pch";
				GCC_PREPROCESSOR_DEFINITIONS = (
					"DEBUG=1",
					"$(inherited)",
				);
				INFOPLIST_FILE = "BLE-DemoTests/BLE-DemoTests-Info.plist";
				PRODUCT_NAME = "$(TARGET_NAME)";
				TEST_HOST = "$(BUNDLE_LOADER)";
				WRAPPER_EXTENSION = xctest;
			};
			name = Debug;
		};
		7C5BFB601903284A0063A5C1 /* Release */ = {
			isa = XCBuildConfiguration;
			buildSettings = {
				BUNDLE_LOADER = "$(BUILT_PRODUCTS_DIR)/BLE-Demo2.app/BLE-Demo2";
				FRAMEWORK_SEARCH_PATHS = (
					"$(SDKROOT)/Developer/Library/Frameworks",
					"$(inherited)",
					"$(DEVELOPER_FRAMEWORKS_DIR)",
				);
				GCC_PRECOMPILE_PREFIX_HEADER = YES;
				GCC_PREFIX_HEADER = "BLE-Demo/BLE-Demo-Prefix.pch";
				INFOPLIST_FILE = "BLE-DemoTests/BLE-DemoTests-Info.plist";
				PRODUCT_NAME = "$(TARGET_NAME)";
				TEST_HOST = "$(BUNDLE_LOADER)";
				WRAPPER_EXTENSION = xctest;
			};
			name = Release;
		};
		7C5F03AE1902E2A700238DA5 /* Debug */ = {
			isa = XCBuildConfiguration;
			buildSettings = {
				ALWAYS_SEARCH_USER_PATHS = NO;
				CLANG_CXX_LANGUAGE_STANDARD = "gnu++0x";
				CLANG_CXX_LIBRARY = "libc++";
				CLANG_ENABLE_MODULES = YES;
				CLANG_ENABLE_OBJC_ARC = YES;
				CLANG_WARN_BOOL_CONVERSION = YES;
				CLANG_WARN_CONSTANT_CONVERSION = YES;
				CLANG_WARN_DIRECT_OBJC_ISA_USAGE = YES_ERROR;
				CLANG_WARN_EMPTY_BODY = YES;
				CLANG_WARN_ENUM_CONVERSION = YES;
				CLANG_WARN_INT_CONVERSION = YES;
				CLANG_WARN_OBJC_ROOT_CLASS = YES_ERROR;
				CLANG_WARN__DUPLICATE_METHOD_MATCH = YES;
				"CODE_SIGN_IDENTITY[sdk=iphoneos*]" = "iPhone Developer";
				COPY_PHASE_STRIP = NO;
				GCC_C_LANGUAGE_STANDARD = gnu99;
				GCC_DYNAMIC_NO_PIC = NO;
				GCC_OPTIMIZATION_LEVEL = 0;
				GCC_PREPROCESSOR_DEFINITIONS = (
					"DEBUG=1",
					"$(inherited)",
				);
				GCC_SYMBOLS_PRIVATE_EXTERN = NO;
				GCC_WARN_64_TO_32_BIT_CONVERSION = YES;
				GCC_WARN_ABOUT_RETURN_TYPE = YES_ERROR;
				GCC_WARN_UNDECLARED_SELECTOR = YES;
				GCC_WARN_UNINITIALIZED_AUTOS = YES_AGGRESSIVE;
				GCC_WARN_UNUSED_FUNCTION = YES;
				GCC_WARN_UNUSED_VARIABLE = YES;
				IPHONEOS_DEPLOYMENT_TARGET = 7.1;
				ONLY_ACTIVE_ARCH = YES;
				SDKROOT = iphoneos;
			};
			name = Debug;
		};
		7C5F03AF1902E2A700238DA5 /* Release */ = {
			isa = XCBuildConfiguration;
			buildSettings = {
				ALWAYS_SEARCH_USER_PATHS = NO;
				CLANG_CXX_LANGUAGE_STANDARD = "gnu++0x";
				CLANG_CXX_LIBRARY = "libc++";
				CLANG_ENABLE_MODULES = YES;
				CLANG_ENABLE_OBJC_ARC = YES;
				CLANG_WARN_BOOL_CONVERSION = YES;
				CLANG_WARN_CONSTANT_CONVERSION = YES;
				CLANG_WARN_DIRECT_OBJC_ISA_USAGE = YES_ERROR;
				CLANG_WARN_EMPTY_BODY = YES;
				CLANG_WARN_ENUM_CONVERSION = YES;
				CLANG_WARN_INT_CONVERSION = YES;
				CLANG_WARN_OBJC_ROOT_CLASS = YES_ERROR;
				CLANG_WARN__DUPLICATE_METHOD_MATCH = YES;
				"CODE_SIGN_IDENTITY[sdk=iphoneos*]" = "iPhone Developer";
				COPY_PHASE_STRIP = YES;
				ENABLE_NS_ASSERTIONS = NO;
				GCC_C_LANGUAGE_STANDARD = gnu99;
				GCC_WARN_64_TO_32_BIT_CONVERSION = YES;
				GCC_WARN_ABOUT_RETURN_TYPE = YES_ERROR;
				GCC_WARN_UNDECLARED_SELECTOR = YES;
				GCC_WARN_UNINITIALIZED_AUTOS = YES_AGGRESSIVE;
				GCC_WARN_UNUSED_FUNCTION = YES;
				GCC_WARN_UNUSED_VARIABLE = YES;
				IPHONEOS_DEPLOYMENT_TARGET = 7.1;
				SDKROOT = iphoneos;
				VALIDATE_PRODUCT = YES;
			};
			name = Release;
		};
/* End XCBuildConfiguration section */

/* Begin XCConfigurationList section */
		7C5BFB5B1903284A0063A5C1 /* Build configuration list for PBXNativeTarget "BLE-Demo" */ = {
			isa = XCConfigurationList;
			buildConfigurations = (
				7C5BFB5C1903284A0063A5C1 /* Debug */,
				7C5BFB5D1903284A0063A5C1 /* Release */,
			);
			defaultConfigurationIsVisible = 0;
			defaultConfigurationName = Release;
		};
		7C5BFB5E1903284A0063A5C1 /* Build configuration list for PBXNativeTarget "BLE-DemoTests" */ = {
			isa = XCConfigurationList;
			buildConfigurations = (
				7C5BFB5F1903284A0063A5C1 /* Debug */,
				7C5BFB601903284A0063A5C1 /* Release */,
			);
			defaultConfigurationIsVisible = 0;
			defaultConfigurationName = Release;
		};
		7C5F03791902E2A700238DA5 /* Build configuration list for PBXProject "BLE-Demo" */ = {
			isa = XCConfigurationList;
			buildConfigurations = (
				7C5F03AE1902E2A700238DA5 /* Debug */,
				7C5F03AF1902E2A700238DA5 /* Release */,
			);
			defaultConfigurationIsVisible = 0;
			defaultConfigurationName = Release;
		};
/* End XCConfigurationList section */
	};
	rootObject = 7C5F03761902E2A700238DA5 /* Project object */;
}
